
Microsoft Visual Studio Solution File, Format Version 12.00
# Visual Studio 2013
VisualStudioVersion = 12.0.21005.1
MinimumVisualStudioVersion = 10.0.40219.1
Project("{2150E333-8FDC-42A3-9474-1A3956D46DE8}") = "1 SOA", "1 SOA", "{6B535359-C7CA-46D1-B973-FEDA70B1402D}"
EndProject
Project("{2150E333-8FDC-42A3-9474-1A3956D46DE8}") = "5 Infrastructure", "5 Infrastructure", "{9E7870C2-5C7D-4E70-8A55-449AFA7C91D4}"
EndProject
Project("{FAE04EC0-301F-11D3-BF4B-00C04F79EFBC}") = "Net4Frm.Common", "Infrastructure\Net4Frm.Common\Net4Frm.Common.csproj", "{ECB525E2-D639-405D-8B3C-222230E8584A}"
EndProject
Project("{FAE04EC0-301F-11D3-BF4B-00C04F79EFBC}") = "Net4Frm.Logging", "Infrastructure\Net4Frm.Logging\Net4Frm.Logging.csproj", "{453C30AF-98AA-4CB4-AE45-F78924B953CF}"
EndProject
Project("{2150E333-8FDC-42A3-9474-1A3956D46DE8}") = "2 Application", "2 Application", "{F6869FCE-8EC4-4DD4-9F4A-F5A95B88CD64}"
EndProject
Project("{FAE04EC0-301F-11D3-BF4B-00C04F79EFBC}") = "Net4Frm.Facade", "Application\Net4Frm.Facade\Net4Frm.Facade.csproj", "{642C1A74-DDC8-47B2-8AA0-902BE59BD8F5}"
EndProject
Project("{FAE04EC0-301F-11D3-BF4B-00C04F79EFBC}") = "Net4Frm.Caching", "Infrastructure\Net4Frm.Caching\Net4Frm.Caching.csproj", "{2B8FAC85-398A-4F59-BB29-738E4EC3DD06}"
EndProject
Project("{2150E333-8FDC-42A3-9474-1A3956D46DE8}") = "4 Repository", "4 Repository", "{5FB22829-7817-4EF4-B7F7-22C04654C0DA}"
EndProject
Project("{FAE04EC0-301F-11D3-BF4B-00C04F79EFBC}") = "Net4Frm.Repository", "Repository\Net4Frm.Repository\Net4Frm.Repository.csproj", "{C2A76F38-EA30-4928-87E2-F7D01AD918BE}"
EndProject
Project("{FAE04EC0-301F-11D3-BF4B-00C04F79EFBC}") = "Net4Frm.RepositoryFactory", "Repository\Net4Frm.RepositoryFactory\Net4Frm.RepositoryFactory.csproj", "{75027E0F-DD93-48F4-BDA6-C6BA96760781}"
EndProject
Project("{2150E333-8FDC-42A3-9474-1A3956D46DE8}") = "3 Domain", "3 Domain", "{1D1A5079-FFEE-43C8-A49A-A88EF2091D55}"
EndProject
Project("{FAE04EC0-301F-11D3-BF4B-00C04F79EFBC}") = "Net4Frm.Model", "Domain\Net4Frm.Model\Net4Frm.Model.csproj", "{E6CF9C6E-900D-4C99-AEF4-B5BA4B6194D2}"
EndProject
Project("{FAE04EC0-301F-11D3-BF4B-00C04F79EFBC}") = "Net4Frm.ServiceImplement", "Domain\Net4Frm.ServiceImplement\Net4Frm.ServiceImplement.csproj", "{1F21A667-B28C-4E08-852B-B631EA3CDE91}"
EndProject
Project("{FAE04EC0-301F-11D3-BF4B-00C04F79EFBC}") = "Net4Frm.ServiceInterface", "Domain\Net4Frm.ServiceInterface\Net4Frm.ServiceInterface.csproj", "{AA05F046-8FD1-4D1F-8277-16C09DAEF970}"
EndProject
Project("{FAE04EC0-301F-11D3-BF4B-00C04F79EFBC}") = "Net4Frm.ServiceModel", "Application\Net4Frm.ServiceModel\Net4Frm.ServiceModel.csproj", "{4390E08C-4235-4B64-9B15-C0C0F27681C0}"
EndProject
Project("{FAE04EC0-301F-11D3-BF4B-00C04F79EFBC}") = "Net4Frm.IRepository", "Repository\Net4Frm.IRepository\Net4Frm.IRepository.csproj", "{C089EFE1-CAB5-4B18-895E-7629CA3E6467}"
EndProject
Project("{FAE04EC0-301F-11D3-BF4B-00C04F79EFBC}") = "Net4Frm.Template4", "Infrastructure\Net4Frm.Template4\Net4Frm.Template4.csproj", "{9686397C-C5C5-4B8E-88AD-EDAB465CEB5A}"
EndProject
Project("{FAE04EC0-301F-11D3-BF4B-00C04F79EFBC}") = "Net4Frm.Assembler", "Infrastructure\Net4Frm.Assembler\Net4Frm.Assembler.csproj", "{A62D2A6A-A7FB-445E-B506-81F03A2844A9}"
EndProject
Project("{FAE04EC0-301F-11D3-BF4B-00C04F79EFBC}") = "Net4Frm.ServiceContainer", "Application\Net4Frm.ServiceContainer\Net4Frm.ServiceContainer.csproj", "{E4BD850F-9A24-4ED7-896A-780FA4743A61}"
EndProject
Project("{FAE04EC0-301F-11D3-BF4B-00C04F79EFBC}") = "Net4Frm.Host", "SOA\Net4Frm.Host\Net4Frm.Host.csproj", "{675A3EF5-4D50-4007-A712-AC746DF681D0}"
EndProject
Project("{FAE04EC0-301F-11D3-BF4B-00C04F79EFBC}") = "Net4Frm.Log4Net", "Infrastructure\Net4Frm.Log4Net\Net4Frm.Log4Net.csproj", "{648E7D37-D0EB-4458-BC6B-CC09F5E6C18E}"
EndProject
Global
	GlobalSection(SolutionConfigurationPlatforms) = preSolution
		Debug|Any CPU = Debug|Any CPU
		Release|Any CPU = Release|Any CPU
	EndGlobalSection
	GlobalSection(ProjectConfigurationPlatforms) = postSolution
		{ECB525E2-D639-405D-8B3C-222230E8584A}.Debug|Any CPU.ActiveCfg = Debug|Any CPU
		{ECB525E2-D639-405D-8B3C-222230E8584A}.Debug|Any CPU.Build.0 = Debug|Any CPU
		{ECB525E2-D639-405D-8B3C-222230E8584A}.Release|Any CPU.ActiveCfg = Release|Any CPU
		{ECB525E2-D639-405D-8B3C-222230E8584A}.Release|Any CPU.Build.0 = Release|Any CPU
		{453C30AF-98AA-4CB4-AE45-F78924B953CF}.Debug|Any CPU.ActiveCfg = Debug|Any CPU
		{453C30AF-98AA-4CB4-AE45-F78924B953CF}.Debug|Any CPU.Build.0 = Debug|Any CPU
		{453C30AF-98AA-4CB4-AE45-F78924B953CF}.Release|Any CPU.ActiveCfg = Release|Any CPU
		{453C30AF-98AA-4CB4-AE45-F78924B953CF}.Release|Any CPU.Build.0 = Release|Any CPU
		{642C1A74-DDC8-47B2-8AA0-902BE59BD8F5}.Debug|Any CPU.ActiveCfg = Debug|Any CPU
		{642C1A74-DDC8-47B2-8AA0-902BE59BD8F5}.Debug|Any CPU.Build.0 = Debug|Any CPU
		{642C1A74-DDC8-47B2-8AA0-902BE59BD8F5}.Release|Any CPU.ActiveCfg = Release|Any CPU
		{642C1A74-DDC8-47B2-8AA0-902BE59BD8F5}.Release|Any CPU.Build.0 = Release|Any CPU
		{2B8FAC85-398A-4F59-BB29-738E4EC3DD06}.Debug|Any CPU.ActiveCfg = Debug|Any CPU
		{2B8FAC85-398A-4F59-BB29-738E4EC3DD06}.Debug|Any CPU.Build.0 = Debug|Any CPU
		{2B8FAC85-398A-4F59-BB29-738E4EC3DD06}.Release|Any CPU.ActiveCfg = Release|Any CPU
		{2B8FAC85-398A-4F59-BB29-738E4EC3DD06}.Release|Any CPU.Build.0 = Release|Any CPU
		{C2A76F38-EA30-4928-87E2-F7D01AD918BE}.Debug|Any CPU.ActiveCfg = Debug|Any CPU
		{C2A76F38-EA30-4928-87E2-F7D01AD918BE}.Debug|Any CPU.Build.0 = Debug|Any CPU
		{C2A76F38-EA30-4928-87E2-F7D01AD918BE}.Release|Any CPU.ActiveCfg = Release|Any CPU
		{C2A76F38-EA30-4928-87E2-F7D01AD918BE}.Release|Any CPU.Build.0 = Release|Any CPU
		{75027E0F-DD93-48F4-BDA6-C6BA96760781}.Debug|Any CPU.ActiveCfg = Debug|Any CPU
		{75027E0F-DD93-48F4-BDA6-C6BA96760781}.Debug|Any CPU.Build.0 = Debug|Any CPU
		{75027E0F-DD93-48F4-BDA6-C6BA96760781}.Release|Any CPU.ActiveCfg = Release|Any CPU
		{75027E0F-DD93-48F4-BDA6-C6BA96760781}.Release|Any CPU.Build.0 = Release|Any CPU
		{E6CF9C6E-900D-4C99-AEF4-B5BA4B6194D2}.Debug|Any CPU.ActiveCfg = Debug|Any CPU
		{E6CF9C6E-900D-4C99-AEF4-B5BA4B6194D2}.Debug|Any CPU.Build.0 = Debug|Any CPU
		{E6CF9C6E-900D-4C99-AEF4-B5BA4B6194D2}.Release|Any CPU.ActiveCfg = Release|Any CPU
		{E6CF9C6E-900D-4C99-AEF4-B5BA4B6194D2}.Release|Any CPU.Build.0 = Release|Any CPU
		{1F21A667-B28C-4E08-852B-B631EA3CDE91}.Debug|Any CPU.ActiveCfg = Debug|Any CPU
		{1F21A667-B28C-4E08-852B-B631EA3CDE91}.Debug|Any CPU.Build.0 = Debug|Any CPU
		{1F21A667-B28C-4E08-852B-B631EA3CDE91}.Release|Any CPU.ActiveCfg = Release|Any CPU
		{1F21A667-B28C-4E08-852B-B631EA3CDE91}.Release|Any CPU.Build.0 = Release|Any CPU
		{AA05F046-8FD1-4D1F-8277-16C09DAEF970}.Debug|Any CPU.ActiveCfg = Debug|Any CPU
		{AA05F046-8FD1-4D1F-8277-16C09DAEF970}.Debug|Any CPU.Build.0 = Debug|Any CPU
		{AA05F046-8FD1-4D1F-8277-16C09DAEF970}.Release|Any CPU.ActiveCfg = Release|Any CPU
		{AA05F046-8FD1-4D1F-8277-16C09DAEF970}.Release|Any CPU.Build.0 = Release|Any CPU
		{4390E08C-4235-4B64-9B15-C0C0F27681C0}.Debug|Any CPU.ActiveCfg = Debug|Any CPU
		{4390E08C-4235-4B64-9B15-C0C0F27681C0}.Debug|Any CPU.Build.0 = Debug|Any CPU
		{4390E08C-4235-4B64-9B15-C0C0F27681C0}.Release|Any CPU.ActiveCfg = Release|Any CPU
		{4390E08C-4235-4B64-9B15-C0C0F27681C0}.Release|Any CPU.Build.0 = Release|Any CPU
		{C089EFE1-CAB5-4B18-895E-7629CA3E6467}.Debug|Any CPU.ActiveCfg = Debug|Any CPU
		{C089EFE1-CAB5-4B18-895E-7629CA3E6467}.Debug|Any CPU.Build.0 = Debug|Any CPU
		{C089EFE1-CAB5-4B18-895E-7629CA3E6467}.Release|Any CPU.ActiveCfg = Release|Any CPU
		{C089EFE1-CAB5-4B18-895E-7629CA3E6467}.Release|Any CPU.Build.0 = Release|Any CPU
		{9686397C-C5C5-4B8E-88AD-EDAB465CEB5A}.Debug|Any CPU.ActiveCfg = Debug|Any CPU
		{9686397C-C5C5-4B8E-88AD-EDAB465CEB5A}.Debug|Any CPU.Build.0 = Debug|Any CPU
		{9686397C-C5C5-4B8E-88AD-EDAB465CEB5A}.Release|Any CPU.ActiveCfg = Release|Any CPU
		{9686397C-C5C5-4B8E-88AD-EDAB465CEB5A}.Release|Any CPU.Build.0 = Release|Any CPU
		{A62D2A6A-A7FB-445E-B506-81F03A2844A9}.Debug|Any CPU.ActiveCfg = Debug|Any CPU
		{A62D2A6A-A7FB-445E-B506-81F03A2844A9}.Debug|Any CPU.Build.0 = Debug|Any CPU
		{A62D2A6A-A7FB-445E-B506-81F03A2844A9}.Release|Any CPU.ActiveCfg = Release|Any CPU
		{A62D2A6A-A7FB-445E-B506-81F03A2844A9}.Release|Any CPU.Build.0 = Release|Any CPU
		{E4BD850F-9A24-4ED7-896A-780FA4743A61}.Debug|Any CPU.ActiveCfg = Debug|Any CPU
		{E4BD850F-9A24-4ED7-896A-780FA4743A61}.Debug|Any CPU.Build.0 = Debug|Any CPU
		{E4BD850F-9A24-4ED7-896A-780FA4743A61}.Release|Any CPU.ActiveCfg = Release|Any CPU
		{E4BD850F-9A24-4ED7-896A-780FA4743A61}.Release|Any CPU.Build.0 = Release|Any CPU
		{675A3EF5-4D50-4007-A712-AC746DF681D0}.Debug|Any CPU.ActiveCfg = Debug|Any CPU
		{675A3EF5-4D50-4007-A712-AC746DF681D0}.Debug|Any CPU.Build.0 = Debug|Any CPU
		{675A3EF5-4D50-4007-A712-AC746DF681D0}.Release|Any CPU.ActiveCfg = Release|Any CPU
		{675A3EF5-4D50-4007-A712-AC746DF681D0}.Release|Any CPU.Build.0 = Release|Any CPU
		{648E7D37-D0EB-4458-BC6B-CC09F5E6C18E}.Debug|Any CPU.ActiveCfg = Debug|Any CPU
		{648E7D37-D0EB-4458-BC6B-CC09F5E6C18E}.Debug|Any CPU.Build.0 = Debug|Any CPU
		{648E7D37-D0EB-4458-BC6B-CC09F5E6C18E}.Release|Any CPU.ActiveCfg = Release|Any CPU
		{648E7D37-D0EB-4458-BC6B-CC09F5E6C18E}.Release|Any CPU.Build.0 = Release|Any CPU
	EndGlobalSection
	GlobalSection(SolutionProperties) = preSolution
		HideSolutionNode = FALSE
	EndGlobalSection
	GlobalSection(NestedProjects) = preSolution
		{675A3EF5-4D50-4007-A712-AC746DF681D0} = {6B535359-C7CA-46D1-B973-FEDA70B1402D}
		{ECB525E2-D639-405D-8B3C-222230E8584A} = {9E7870C2-5C7D-4E70-8A55-449AFA7C91D4}
		{453C30AF-98AA-4CB4-AE45-F78924B953CF} = {9E7870C2-5C7D-4E70-8A55-449AFA7C91D4}
		{2B8FAC85-398A-4F59-BB29-738E4EC3DD06} = {9E7870C2-5C7D-4E70-8A55-449AFA7C91D4}
		{9686397C-C5C5-4B8E-88AD-EDAB465CEB5A} = {9E7870C2-5C7D-4E70-8A55-449AFA7C91D4}
		{A62D2A6A-A7FB-445E-B506-81F03A2844A9} = {9E7870C2-5C7D-4E70-8A55-449AFA7C91D4}
		{648E7D37-D0EB-4458-BC6B-CC09F5E6C18E} = {9E7870C2-5C7D-4E70-8A55-449AFA7C91D4}
		{642C1A74-DDC8-47B2-8AA0-902BE59BD8F5} = {F6869FCE-8EC4-4DD4-9F4A-F5A95B88CD64}
		{4390E08C-4235-4B64-9B15-C0C0F27681C0} = {F6869FCE-8EC4-4DD4-9F4A-F5A95B88CD64}
		{E4BD850F-9A24-4ED7-896A-780FA4743A61} = {F6869FCE-8EC4-4DD4-9F4A-F5A95B88CD64}
		{C2A76F38-EA30-4928-87E2-F7D01AD918BE} = {5FB22829-7817-4EF4-B7F7-22C04654C0DA}
		{75027E0F-DD93-48F4-BDA6-C6BA96760781} = {5FB22829-7817-4EF4-B7F7-22C04654C0DA}
		{C089EFE1-CAB5-4B18-895E-7629CA3E6467} = {5FB22829-7817-4EF4-B7F7-22C04654C0DA}
		{E6CF9C6E-900D-4C99-AEF4-B5BA4B6194D2} = {1D1A5079-FFEE-43C8-A49A-A88EF2091D55}
		{1F21A667-B28C-4E08-852B-B631EA3CDE91} = {1D1A5079-FFEE-43C8-A49A-A88EF2091D55}
		{AA05F046-8FD1-4D1F-8277-16C09DAEF970} = {1D1A5079-FFEE-43C8-A49A-A88EF2091D55}
	EndGlobalSection
EndGlobal
